
Microsoft Visual Studio Solution File, Format Version 12.00
# Visual Studio Version 17
VisualStudioVersion = 17.9.34714.143
MinimumVisualStudioVersion = 10.0.40219.1
Project("{8BC9CEB8-8B4A-11D0-8D11-00A0C91BC942}") = "HorizontalCut", "HorizontalCut\HorizontalCut.vcxproj", "{5988106E-AA02-4E23-832B-7CB0E2FE9F94}"
EndProject
Global
	GlobalSection(SolutionConfigurationPlatforms) = preSolution
		Debug|x64 = Debug|x64
		Debug|x86 = Debug|x86
		Release|x64 = Release|x64
		Release|x86 = Release|x86
	EndGlobalSection
	GlobalSection(ProjectConfigurationPlatforms) = postSolution
		{5988106E-AA02-4E23-832B-7CB0E2FE9F94}.Debug|x64.ActiveCfg = Debug|x64
		{5988106E-AA02-4E23-832B-7CB0E2FE9F94}.Debug|x64.Build.0 = Debug|x64
		{5988106E-AA02-4E23-832B-7CB0E2FE9F94}.Debug|x86.ActiveCfg = Debug|Win32
		{5988106E-AA02-4E23-832B-7CB0E2FE9F94}.Debug|x86.Build.0 = Debug|Win32
		{5988106E-AA02-4E23-832B-7CB0E2FE9F94}.Release|x64.ActiveCfg = Release|x64
		{5988106E-AA02-4E23-832B-7CB0E2FE9F94}.Release|x64.Build.0 = Release|x64
		{5988106E-AA02-4E23-832B-7CB0E2FE9F94}.Release|x86.ActiveCfg = Release|Win32
		{5988106E-AA02-4E23-832B-7CB0E2FE9F94}.Release|x86.Build.0 = Release|Win32
	EndGlobalSection
	GlobalSection(SolutionProperties) = preSolution
		HideSolutionNode = FALSE
	EndGlobalSection
	GlobalSection(ExtensibilityGlobals) = postSolution
		SolutionGuid = {CF47FC99-413B-4DDD-A60E-1B1D51D21CAF}
	EndGlobalSection
EndGlobal
